
Microsoft Visual Studio Solution File, Format Version 12.00
# Visual Studio Version 17
VisualStudioVersion = 17.11.35208.52
MinimumVisualStudioVersion = 10.0.40219.1
Project("{8BC9CEB8-8B4A-11D0-8D11-00A0C91BC942}") = "Clase_Estructura", "Clase_Estructura\Clase_Estructura.vcxproj", "{7E7C0F65-60D5-485C-97EC-CCD254C2F32F}"
EndProject
Global
	GlobalSection(SolutionConfigurationPlatforms) = preSolution
		Debug|x64 = Debug|x64
		Debug|x86 = Debug|x86
		Release|x64 = Release|x64
		Release|x86 = Release|x86
	EndGlobalSection
	GlobalSection(ProjectConfigurationPlatforms) = postSolution
		{7E7C0F65-60D5-485C-97EC-CCD254C2F32F}.Debug|x64.ActiveCfg = Debug|x64
		{7E7C0F65-60D5-485C-97EC-CCD254C2F32F}.Debug|x64.Build.0 = Debug|x64
		{7E7C0F65-60D5-485C-97EC-CCD254C2F32F}.Debug|x86.ActiveCfg = Debug|Win32
		{7E7C0F65-60D5-485C-97EC-CCD254C2F32F}.Debug|x86.Build.0 = Debug|Win32
		{7E7C0F65-60D5-485C-97EC-CCD254C2F32F}.Release|x64.ActiveCfg = Release|x64
		{7E7C0F65-60D5-485C-97EC-CCD254C2F32F}.Release|x64.Build.0 = Release|x64
		{7E7C0F65-60D5-485C-97EC-CCD254C2F32F}.Release|x86.ActiveCfg = Release|Win32
		{7E7C0F65-60D5-485C-97EC-CCD254C2F32F}.Release|x86.Build.0 = Release|Win32
	EndGlobalSection
	GlobalSection(SolutionProperties) = preSolution
		HideSolutionNode = FALSE
	EndGlobalSection
	GlobalSection(ExtensibilityGlobals) = postSolution
		SolutionGuid = {EA0A1224-18FB-4704-9B66-55498AACA518}
	EndGlobalSection
EndGlobal
