
Microsoft Visual Studio Solution File, Format Version 12.00
# Visual Studio Version 17
VisualStudioVersion = 17.10.35027.167
MinimumVisualStudioVersion = 10.0.40219.1
Project("{8BC9CEB8-8B4A-11D0-8D11-00A0C91BC942}") = "P025_Potencia", "P025_Potencia.vcxproj", "{745DF0FB-E7E8-4883-9DD0-A89D6AEB5FE6}"
EndProject
Global
	GlobalSection(SolutionConfigurationPlatforms) = preSolution
		Debug|x64 = Debug|x64
		Debug|x86 = Debug|x86
		Release|x64 = Release|x64
		Release|x86 = Release|x86
	EndGlobalSection
	GlobalSection(ProjectConfigurationPlatforms) = postSolution
		{745DF0FB-E7E8-4883-9DD0-A89D6AEB5FE6}.Debug|x64.ActiveCfg = Debug|x64
		{745DF0FB-E7E8-4883-9DD0-A89D6AEB5FE6}.Debug|x64.Build.0 = Debug|x64
		{745DF0FB-E7E8-4883-9DD0-A89D6AEB5FE6}.Debug|x86.ActiveCfg = Debug|Win32
		{745DF0FB-E7E8-4883-9DD0-A89D6AEB5FE6}.Debug|x86.Build.0 = Debug|Win32
		{745DF0FB-E7E8-4883-9DD0-A89D6AEB5FE6}.Release|x64.ActiveCfg = Release|x64
		{745DF0FB-E7E8-4883-9DD0-A89D6AEB5FE6}.Release|x64.Build.0 = Release|x64
		{745DF0FB-E7E8-4883-9DD0-A89D6AEB5FE6}.Release|x86.ActiveCfg = Release|Win32
		{745DF0FB-E7E8-4883-9DD0-A89D6AEB5FE6}.Release|x86.Build.0 = Release|Win32
	EndGlobalSection
	GlobalSection(SolutionProperties) = preSolution
		HideSolutionNode = FALSE
	EndGlobalSection
	GlobalSection(ExtensibilityGlobals) = postSolution
		SolutionGuid = {60A6D819-D9B4-42E5-8C55-AA8896BB426D}
	EndGlobalSection
EndGlobal
