
Microsoft Visual Studio Solution File, Format Version 12.00
# Visual Studio Version 17
VisualStudioVersion = 17.10.35027.167
MinimumVisualStudioVersion = 10.0.40219.1
Project("{8BC9CEB8-8B4A-11D0-8D11-00A0C91BC942}") = "MathLibrary", "MathLibrary\MathLibrary.vcxproj", "{F4B3B563-B6EC-4BF6-B3B1-D30DE9E49EA6}"
EndProject
Project("{8BC9CEB8-8B4A-11D0-8D11-00A0C91BC942}") = "MathClient", "MathClient\MathClient.vcxproj", "{FDB9646D-E411-4AE3-AFEF-15F7D4EC69BB}"
EndProject
Global
	GlobalSection(SolutionConfigurationPlatforms) = preSolution
		Debug|x64 = Debug|x64
		Debug|x86 = Debug|x86
		Release|x64 = Release|x64
		Release|x86 = Release|x86
	EndGlobalSection
	GlobalSection(ProjectConfigurationPlatforms) = postSolution
		{F4B3B563-B6EC-4BF6-B3B1-D30DE9E49EA6}.Debug|x64.ActiveCfg = Debug|x64
		{F4B3B563-B6EC-4BF6-B3B1-D30DE9E49EA6}.Debug|x64.Build.0 = Debug|x64
		{F4B3B563-B6EC-4BF6-B3B1-D30DE9E49EA6}.Debug|x86.ActiveCfg = Debug|Win32
		{F4B3B563-B6EC-4BF6-B3B1-D30DE9E49EA6}.Debug|x86.Build.0 = Debug|Win32
		{F4B3B563-B6EC-4BF6-B3B1-D30DE9E49EA6}.Release|x64.ActiveCfg = Release|x64
		{F4B3B563-B6EC-4BF6-B3B1-D30DE9E49EA6}.Release|x64.Build.0 = Release|x64
		{F4B3B563-B6EC-4BF6-B3B1-D30DE9E49EA6}.Release|x86.ActiveCfg = Release|Win32
		{F4B3B563-B6EC-4BF6-B3B1-D30DE9E49EA6}.Release|x86.Build.0 = Release|Win32
		{FDB9646D-E411-4AE3-AFEF-15F7D4EC69BB}.Debug|x64.ActiveCfg = Debug|x64
		{FDB9646D-E411-4AE3-AFEF-15F7D4EC69BB}.Debug|x64.Build.0 = Debug|x64
		{FDB9646D-E411-4AE3-AFEF-15F7D4EC69BB}.Debug|x86.ActiveCfg = Debug|Win32
		{FDB9646D-E411-4AE3-AFEF-15F7D4EC69BB}.Debug|x86.Build.0 = Debug|Win32
		{FDB9646D-E411-4AE3-AFEF-15F7D4EC69BB}.Release|x64.ActiveCfg = Release|x64
		{FDB9646D-E411-4AE3-AFEF-15F7D4EC69BB}.Release|x64.Build.0 = Release|x64
		{FDB9646D-E411-4AE3-AFEF-15F7D4EC69BB}.Release|x86.ActiveCfg = Release|Win32
		{FDB9646D-E411-4AE3-AFEF-15F7D4EC69BB}.Release|x86.Build.0 = Release|Win32
	EndGlobalSection
	GlobalSection(SolutionProperties) = preSolution
		HideSolutionNode = FALSE
	EndGlobalSection
	GlobalSection(ExtensibilityGlobals) = postSolution
		SolutionGuid = {7E993270-EBA1-4BC7-8443-F7B47479123F}
	EndGlobalSection
EndGlobal
