
Microsoft Visual Studio Solution File, Format Version 12.00
# Visual Studio Version 17
VisualStudioVersion = 17.11.35208.52
MinimumVisualStudioVersion = 10.0.40219.1
Project("{8BC9CEB8-8B4A-11D0-8D11-00A0C91BC942}") = "Clase_Enumeradores", "Clase_Enumeradores\Clase_Enumeradores.vcxproj", "{99BAAC2E-6A21-420F-A679-A6B6CB918F3E}"
EndProject
Global
	GlobalSection(SolutionConfigurationPlatforms) = preSolution
		Debug|x64 = Debug|x64
		Debug|x86 = Debug|x86
		Release|x64 = Release|x64
		Release|x86 = Release|x86
	EndGlobalSection
	GlobalSection(ProjectConfigurationPlatforms) = postSolution
		{99BAAC2E-6A21-420F-A679-A6B6CB918F3E}.Debug|x64.ActiveCfg = Debug|x64
		{99BAAC2E-6A21-420F-A679-A6B6CB918F3E}.Debug|x64.Build.0 = Debug|x64
		{99BAAC2E-6A21-420F-A679-A6B6CB918F3E}.Debug|x86.ActiveCfg = Debug|Win32
		{99BAAC2E-6A21-420F-A679-A6B6CB918F3E}.Debug|x86.Build.0 = Debug|Win32
		{99BAAC2E-6A21-420F-A679-A6B6CB918F3E}.Release|x64.ActiveCfg = Release|x64
		{99BAAC2E-6A21-420F-A679-A6B6CB918F3E}.Release|x64.Build.0 = Release|x64
		{99BAAC2E-6A21-420F-A679-A6B6CB918F3E}.Release|x86.ActiveCfg = Release|Win32
		{99BAAC2E-6A21-420F-A679-A6B6CB918F3E}.Release|x86.Build.0 = Release|Win32
	EndGlobalSection
	GlobalSection(SolutionProperties) = preSolution
		HideSolutionNode = FALSE
	EndGlobalSection
	GlobalSection(ExtensibilityGlobals) = postSolution
		SolutionGuid = {B4F8D34C-D03A-4AF0-A1AA-714D5ECBD39D}
	EndGlobalSection
EndGlobal
